{
  "nodes": {
    "brew-src": {
      "flake": false,
      "locked": {
        "lastModified": 1769363988,
        "narHash": "sha256-BiGPeulrDVetXP+tjxhMcGLUROZAtZIhU5m4MqawCfM=",
        "owner": "Homebrew",
        "repo": "brew",
        "rev": "d01011cac6d72032c75fd2cd9489909e95d9faf2",
        "type": "github"
      },
      "original": {
        "owner": "Homebrew",
        "ref": "5.0.12",
        "repo": "brew",
        "type": "github"
      }
    },
    "darwin": {
      "inputs": {
        "nixpkgs": [
          "nixpkgs"
        ]
      },
      "locked": {
        "lastModified": 1773000227,
        "narHash": "sha256-zm3ftUQw0MPumYi91HovoGhgyZBlM4o3Zy0LhPNwzXE=",
        "owner": "LnL7",
        "repo": "nix-darwin",
        "rev": "da529ac9e46f25ed5616fd634079a5f3c579135f",
        "type": "github"
      },
      "original": {
        "owner": "LnL7",
        "repo": "nix-darwin",
        "type": "github"
      }
    },
    "flake-compat": {
      "flake": false,
      "locked": {
        "lastModified": 1767039857,
        "narHash": "sha256-vNpUSpF5Nuw8xvDLj2KCwwksIbjua2LZCqhV1LNRDns=",
        "owner": "NixOS",
        "repo": "flake-compat",
        "rev": "5edf11c44bc78a0d334f6334cdaf7d60d732daab",
        "type": "github"
      },
      "original": {
        "owner": "NixOS",
        "repo": "flake-compat",
        "type": "github"
      }
    },
    "flake-compat_2": {
      "flake": false,
      "locked": {
        "lastModified": 1767039857,
        "narHash": "sha256-vNpUSpF5Nuw8xvDLj2KCwwksIbjua2LZCqhV1LNRDns=",
        "owner": "edolstra",
        "repo": "flake-compat",
        "rev": "5edf11c44bc78a0d334f6334cdaf7d60d732daab",
        "type": "github"
      },
      "original": {
        "owner": "edolstra",
        "repo": "flake-compat",
        "type": "github"
      }
    },
    "flake-parts": {
      "inputs": {
        "nixpkgs-lib": [
          "nur",
          "nixpkgs"
        ]
      },
      "locked": {
        "lastModified": 1733312601,
        "narHash": "sha256-4pDvzqnegAfRkPwO3wmwBhVi/Sye1mzps0zHWYnP88c=",
        "owner": "hercules-ci",
        "repo": "flake-parts",
        "rev": "205b12d8b7cd4802fbcb8e8ef6a0f1408781a4f9",
        "type": "github"
      },
      "original": {
        "owner": "hercules-ci",
        "repo": "flake-parts",
        "type": "github"
      }
    },
    "home-manager": {
      "inputs": {
        "nixpkgs": [
          "nixpkgs"
        ]
      },
      "locked": {
        "lastModified": 1773367248,
        "narHash": "sha256-FFMc1uAwy2GYasd0rdNDVxKyAgzuoJH2M+GglBQbqf0=",
        "owner": "nix-community",
        "repo": "home-manager",
        "rev": "be0c641a6a5564caa33982faa1fe2c60d92131c7",
        "type": "github"
      },
      "original": {
        "owner": "nix-community",
        "ref": "master",
        "repo": "home-manager",
        "type": "github"
      }
    },
    "homebrew-bundle": {
      "flake": false,
      "locked": {
        "lastModified": 1745335228,
        "narHash": "sha256-TIKR2UgtyUmHLNZp255/vLs+1I10hXe+sciMEbAGFwE=",
        "owner": "homebrew",
        "repo": "homebrew-bundle",
        "rev": "a3265c84b232e13048ecbf6fc18a2eedfadbeb08",
        "type": "github"
      },
      "original": {
        "owner": "homebrew",
        "repo": "homebrew-bundle",
        "type": "github"
      }
    },
    "homebrew-cask": {
      "flake": false,
      "locked": {
        "lastModified": 1773390637,
        "narHash": "sha256-WewL5TWveCdf2WzQDMRubCtx+EdDXU1G/22W6YOsRbA=",
        "owner": "homebrew",
        "repo": "homebrew-cask",
        "rev": "d9adc80b275c76f11115b2f3e444c037cf2096bc",
        "type": "github"
      },
      "original": {
        "owner": "homebrew",
        "repo": "homebrew-cask",
        "type": "github"
      }
    },
    "homebrew-core": {
      "flake": false,
      "locked": {
        "lastModified": 1773390003,
        "narHash": "sha256-3oEXbfs3G6oYBwviyj71BvvDt0n0k/qzHA4p+9mGpQM=",
        "owner": "homebrew",
        "repo": "homebrew-core",
        "rev": "ea9540a5e8d64a3442b5f9708f9398130352b454",
        "type": "github"
      },
      "original": {
        "owner": "homebrew",
        "repo": "homebrew-core",
        "type": "github"
      }
    },
    "nix-homebrew": {
      "inputs": {
        "brew-src": "brew-src"
      },
      "locked": {
        "lastModified": 1769437432,
        "narHash": "sha256-8d7KnCpT2LweRvSzZYEGd9IM3eFX+A78opcnDM0+ndk=",
        "owner": "zhaofengli-wip",
        "repo": "nix-homebrew",
        "rev": "a5409abd0d5013d79775d3419bcac10eacb9d8c5",
        "type": "github"
      },
      "original": {
        "owner": "zhaofengli-wip",
        "repo": "nix-homebrew",
        "type": "github"
      }
    },
    "nix-vscode-extensions": {
      "inputs": {
        "nixpkgs": [
          "nixpkgs"
        ]
      },
      "locked": {
        "lastModified": 1773369788,
        "narHash": "sha256-32y9nyVU2rmXp/zMTNsVbIWNKMPUuBSj4bIAnaPiCVU=",
        "owner": "nix-community",
        "repo": "nix-vscode-extensions",
        "rev": "70e188702ad3b4dcf5de12ff64f0d31c906d6d7a",
        "type": "github"
      },
      "original": {
        "owner": "nix-community",
        "repo": "nix-vscode-extensions",
        "type": "github"
      }
    },
    "nixos-wsl": {
      "inputs": {
        "flake-compat": "flake-compat_2",
        "nixpkgs": [
          "nixpkgs"
        ]
      },
      "locked": {
        "lastModified": 1772386632,
        "narHash": "sha256-sm6OpWZuoDwR53KNlsY482YOoHFWlWYwt0wHmqLkRGE=",
        "owner": "nix-community",
        "repo": "NixOS-WSL",
        "rev": "be894604b2aa2184c0b3d3b44995acd0da14dc0c",
        "type": "github"
      },
      "original": {
        "owner": "nix-community",
        "repo": "NixOS-WSL",
        "type": "github"
      }
    },
    "nixpkgs": {
      "locked": {
        "lastModified": 1773282481,
        "narHash": "sha256-b/GV2ysM8mKHhinse2wz+uP37epUrSE+sAKXy/xvBY4=",
        "owner": "nixos",
        "repo": "nixpkgs",
        "rev": "fe416aaedd397cacb33a610b33d60ff2b431b127",
        "type": "github"
      },
      "original": {
        "owner": "nixos",
        "ref": "nixos-unstable",
        "repo": "nixpkgs",
        "type": "github"
      }
    },
    "nixpkgs-unstable": {
      "locked": {
        "lastModified": 1773282481,
        "narHash": "sha256-b/GV2ysM8mKHhinse2wz+uP37epUrSE+sAKXy/xvBY4=",
        "owner": "nixos",
        "repo": "nixpkgs",
        "rev": "fe416aaedd397cacb33a610b33d60ff2b431b127",
        "type": "github"
      },
      "original": {
        "owner": "nixos",
        "ref": "nixos-unstable",
        "repo": "nixpkgs",
        "type": "github"
      }
    },
    "nur": {
      "inputs": {
        "flake-parts": "flake-parts",
        "nixpkgs": [
          "nixpkgs"
        ]
      },
      "locked": {
        "lastModified": 1773390798,
        "narHash": "sha256-9W28k/+gVsEXO5ZWIMTbYYm0hYjm4BQsiDbYM7NK5Eg=",
        "owner": "nix-community",
        "repo": "NUR",
        "rev": "aa6c62819dcf10b9965d8dd091c0ab24a15b12c1",
        "type": "github"
      },
      "original": {
        "owner": "nix-community",
        "repo": "NUR",
        "type": "github"
      }
    },
    "root": {
      "inputs": {
        "darwin": "darwin",
        "flake-compat": "flake-compat",
        "home-manager": "home-manager",
        "homebrew-bundle": "homebrew-bundle",
        "homebrew-cask": "homebrew-cask",
        "homebrew-core": "homebrew-core",
        "nix-homebrew": "nix-homebrew",
        "nix-vscode-extensions": "nix-vscode-extensions",
        "nixos-wsl": "nixos-wsl",
        "nixpkgs": "nixpkgs",
        "nixpkgs-unstable": "nixpkgs-unstable",
        "nur": "nur"
      }
    }
  },
  "root": "root",
  "version": 7
}
