{
  "nodes": {
    "brew-src": {
      "flake": false,
      "locked": {
        "lastModified": 1751910772,
        "narHash": "sha256-jQNdIkq2iRDNWskd5f8kX6q9BO/CBSXhMH41WNRft8E=",
        "owner": "Homebrew",
        "repo": "brew",
        "rev": "700d67a85e0129ab8a893ff69246943479e33df1",
        "type": "github"
      },
      "original": {
        "owner": "Homebrew",
        "ref": "4.5.9",
        "repo": "brew",
        "type": "github"
      }
    },
    "darwin": {
      "inputs": {
        "nixpkgs": [
          "nixpkgs"
        ]
      },
      "locked": {
        "lastModified": 1751313918,
        "narHash": "sha256-HsJM3XLa43WpG+665aGEh8iS8AfEwOIQWk3Mke3e7nk=",
        "owner": "LnL7",
        "repo": "nix-darwin",
        "rev": "e04a388232d9a6ba56967ce5b53a8a6f713cdfcf",
        "type": "github"
      },
      "original": {
        "owner": "LnL7",
        "repo": "nix-darwin",
        "type": "github"
      }
    },
    "flake-compat": {
      "flake": false,
      "locked": {
        "lastModified": 1747046372,
        "narHash": "sha256-CIVLLkVgvHYbgI2UpXvIIBJ12HWgX+fjA8Xf8PUmqCY=",
        "owner": "edolstra",
        "repo": "flake-compat",
        "rev": "9100a0f413b0c601e0533d1d94ffd501ce2e7885",
        "type": "github"
      },
      "original": {
        "owner": "edolstra",
        "repo": "flake-compat",
        "type": "github"
      }
    },
    "flake-parts": {
      "inputs": {
        "nixpkgs-lib": [
          "nur",
          "nixpkgs"
        ]
      },
      "locked": {
        "lastModified": 1733312601,
        "narHash": "sha256-4pDvzqnegAfRkPwO3wmwBhVi/Sye1mzps0zHWYnP88c=",
        "owner": "hercules-ci",
        "repo": "flake-parts",
        "rev": "205b12d8b7cd4802fbcb8e8ef6a0f1408781a4f9",
        "type": "github"
      },
      "original": {
        "owner": "hercules-ci",
        "repo": "flake-parts",
        "type": "github"
      }
    },
    "flake-utils": {
      "inputs": {
        "systems": "systems"
      },
      "locked": {
        "lastModified": 1731533236,
        "narHash": "sha256-l0KFg5HjrsfsO/JpG+r7fRrqm12kzFHyUHqHCVpMMbI=",
        "owner": "numtide",
        "repo": "flake-utils",
        "rev": "11707dc2f618dd54ca8739b309ec4fc024de578b",
        "type": "github"
      },
      "original": {
        "owner": "numtide",
        "repo": "flake-utils",
        "type": "github"
      }
    },
    "home-manager": {
      "inputs": {
        "nixpkgs": [
          "nixpkgs"
        ]
      },
      "locked": {
        "lastModified": 1753983724,
        "narHash": "sha256-2vlAOJv4lBrE+P1uOGhZ1symyjXTRdn/mz0tZ6faQcg=",
        "owner": "nix-community",
        "repo": "home-manager",
        "rev": "7035020a507ed616e2b20c61491ae3eaa8e5462c",
        "type": "github"
      },
      "original": {
        "owner": "nix-community",
        "ref": "master",
        "repo": "home-manager",
        "type": "github"
      }
    },
    "homebrew-aerospace": {
      "flake": false,
      "locked": {
        "lastModified": 1753091048,
        "narHash": "sha256-qnZeUEgmwOcCIg1JCSVgQcgju7SYPUCq+4AwepvSc9I=",
        "owner": "nikitabobko",
        "repo": "homebrew-aerospace",
        "rev": "047928badd7ccd03705646e8095f905994654d65",
        "type": "github"
      },
      "original": {
        "owner": "nikitabobko",
        "repo": "homebrew-aerospace",
        "type": "github"
      }
    },
    "homebrew-bundle": {
      "flake": false,
      "locked": {
        "lastModified": 1745335228,
        "narHash": "sha256-TIKR2UgtyUmHLNZp255/vLs+1I10hXe+sciMEbAGFwE=",
        "owner": "homebrew",
        "repo": "homebrew-bundle",
        "rev": "a3265c84b232e13048ecbf6fc18a2eedfadbeb08",
        "type": "github"
      },
      "original": {
        "owner": "homebrew",
        "repo": "homebrew-bundle",
        "type": "github"
      }
    },
    "homebrew-cask": {
      "flake": false,
      "locked": {
        "lastModified": 1754032197,
        "narHash": "sha256-7+CNFXaJdciMXIR5pMZSJgt8F6pJTm7EK+mLMLxR6UY=",
        "owner": "homebrew",
        "repo": "homebrew-cask",
        "rev": "a739dca42e9c5b7feaa55b4627123b98b7eecd63",
        "type": "github"
      },
      "original": {
        "owner": "homebrew",
        "repo": "homebrew-cask",
        "type": "github"
      }
    },
    "homebrew-core": {
      "flake": false,
      "locked": {
        "lastModified": 1754031516,
        "narHash": "sha256-4gJQ6JnynJrpIC4QchZW2xe/XZmmA24iM9revPrJR/0=",
        "owner": "homebrew",
        "repo": "homebrew-core",
        "rev": "79ee9f9689d328122f5354379a93d60b1449bad9",
        "type": "github"
      },
      "original": {
        "owner": "homebrew",
        "repo": "homebrew-core",
        "type": "github"
      }
    },
    "nix-homebrew": {
      "inputs": {
        "brew-src": "brew-src"
      },
      "locked": {
        "lastModified": 1754001565,
        "narHash": "sha256-IhMN6xAIN9SSYlQGHA7ECEj+ejpH45C+FY5IrYqvfj0=",
        "owner": "zhaofengli-wip",
        "repo": "nix-homebrew",
        "rev": "db11cc216d2ecd451e4952c60766d6cfaa0938b7",
        "type": "github"
      },
      "original": {
        "owner": "zhaofengli-wip",
        "repo": "nix-homebrew",
        "type": "github"
      }
    },
    "nix-vscode-extensions": {
      "inputs": {
        "flake-utils": "flake-utils",
        "nixpkgs": [
          "nixpkgs"
        ]
      },
      "locked": {
        "lastModified": 1754015654,
        "narHash": "sha256-tirCA/d4v/+yyjsNHbK0mEtxfeG3SxjhTPsV9SUrb/s=",
        "owner": "nix-community",
        "repo": "nix-vscode-extensions",
        "rev": "65b437a31a09ef31d882d34f28e4dbf446165ca1",
        "type": "github"
      },
      "original": {
        "owner": "nix-community",
        "repo": "nix-vscode-extensions",
        "type": "github"
      }
    },
    "nixos-hardware": {
      "locked": {
        "lastModified": 1753122741,
        "narHash": "sha256-nFxE8lk9JvGelxClCmwuJYftbHqwnc01dRN4DVLUroM=",
        "owner": "nixos",
        "repo": "nixos-hardware",
        "rev": "cc66fddc6cb04ab479a1bb062f4d4da27c936a22",
        "type": "github"
      },
      "original": {
        "owner": "nixos",
        "repo": "nixos-hardware",
        "type": "github"
      }
    },
    "nixos-wsl": {
      "inputs": {
        "flake-compat": "flake-compat",
        "nixpkgs": [
          "nixpkgs"
        ]
      },
      "locked": {
        "lastModified": 1753704990,
        "narHash": "sha256-5E14xuNWy2Un1nFR55k68hgbnD8U2x/rE5DXJtYKusw=",
        "owner": "nix-community",
        "repo": "NixOS-WSL",
        "rev": "58c814cc6d4a789191f9c12e18277107144b0c91",
        "type": "github"
      },
      "original": {
        "owner": "nix-community",
        "repo": "NixOS-WSL",
        "type": "github"
      }
    },
    "nixpkgs": {
      "locked": {
        "lastModified": 1753694789,
        "narHash": "sha256-cKgvtz6fKuK1Xr5LQW/zOUiAC0oSQoA9nOISB0pJZqM=",
        "owner": "nixos",
        "repo": "nixpkgs",
        "rev": "dc9637876d0dcc8c9e5e22986b857632effeb727",
        "type": "github"
      },
      "original": {
        "owner": "nixos",
        "ref": "nixos-unstable",
        "repo": "nixpkgs",
        "type": "github"
      }
    },
    "nixpkgs-unstable": {
      "locked": {
        "lastModified": 1753694789,
        "narHash": "sha256-cKgvtz6fKuK1Xr5LQW/zOUiAC0oSQoA9nOISB0pJZqM=",
        "owner": "nixos",
        "repo": "nixpkgs",
        "rev": "dc9637876d0dcc8c9e5e22986b857632effeb727",
        "type": "github"
      },
      "original": {
        "owner": "nixos",
        "ref": "nixos-unstable",
        "repo": "nixpkgs",
        "type": "github"
      }
    },
    "nur": {
      "inputs": {
        "flake-parts": "flake-parts",
        "nixpkgs": [
          "nixpkgs"
        ]
      },
      "locked": {
        "lastModified": 1754029221,
        "narHash": "sha256-AfSU6qJTjW0qMYvRxx3SvJwRg4qadI9GJmydOog67V4=",
        "owner": "nix-community",
        "repo": "NUR",
        "rev": "93d35c1624dea47b171dd0215b64f7feea8f3182",
        "type": "github"
      },
      "original": {
        "owner": "nix-community",
        "repo": "NUR",
        "type": "github"
      }
    },
    "root": {
      "inputs": {
        "darwin": "darwin",
        "home-manager": "home-manager",
        "homebrew-aerospace": "homebrew-aerospace",
        "homebrew-bundle": "homebrew-bundle",
        "homebrew-cask": "homebrew-cask",
        "homebrew-core": "homebrew-core",
        "nix-homebrew": "nix-homebrew",
        "nix-vscode-extensions": "nix-vscode-extensions",
        "nixos-hardware": "nixos-hardware",
        "nixos-wsl": "nixos-wsl",
        "nixpkgs": "nixpkgs",
        "nixpkgs-unstable": "nixpkgs-unstable",
        "nur": "nur"
      }
    },
    "systems": {
      "locked": {
        "lastModified": 1681028828,
        "narHash": "sha256-Vy1rq5AaRuLzOxct8nz4T6wlgyUR7zLU309k9mBC768=",
        "owner": "nix-systems",
        "repo": "default",
        "rev": "da67096a3b9bf56a91d16901293e51ba5b49a27e",
        "type": "github"
      },
      "original": {
        "owner": "nix-systems",
        "repo": "default",
        "type": "github"
      }
    }
  },
  "root": "root",
  "version": 7
}
